// !$*UTF8*$!
{
	archiveVersion = 1;
	classes = {
	};
	objectVersion = 50;
	objects = {

/* Begin PBXBuildFile section */
		3AF67A9725A64DF400D360A7 /* AppDelegate.m in Sources */ = {isa = PBXBuildFile; fileRef = 3AF67A9625A64DF400D360A7 /* AppDelegate.m */; };
		3AF67A9A25A64DF400D360A7 /* SceneDelegate.m in Sources */ = {isa = PBXBuildFile; fileRef = 3AF67A9925A64DF400D360A7 /* SceneDelegate.m */; };
		3AF67A9D25A64DF400D360A7 /* ViewController.m in Sources */ = {isa = PBXBuildFile; fileRef = 3AF67A9C25A64DF400D360A7 /* ViewController.m */; };
		3AF67AA025A64DF400D360A7 /* Main.storyboard in Resources */ = {isa = PBXBuildFile; fileRef = 3AF67A9E25A64DF400D360A7 /* Main.storyboard */; };
		3AF67AA225A64DF600D360A7 /* Assets.xcassets in Resources */ = {isa = PBXBuildFile; fileRef = 3AF67AA125A64DF600D360A7 /* Assets.xcassets */; };
		3AF67AA525A64DF600D360A7 /* LaunchScreen.storyboard in Resources */ = {isa = PBXBuildFile; fileRef = 3AF67AA325A64DF600D360A7 /* LaunchScreen.storyboard */; };
		3AF67AA825A64DF600D360A7 /* main.m in Sources */ = {isa = PBXBuildFile; fileRef = 3AF67AA725A64DF600D360A7 /* main.m */; };
		3AF67AB225A64DF600D360A7 /* VideoPlayerStoryboardTests.m in Sources */ = {isa = PBXBuildFile; fileRef = 3AF67AB125A64DF600D360A7 /* VideoPlayerStoryboardTests.m */; };
		3AF67ABD25A64DF600D360A7 /* VideoPlayerStoryboardUITests.m in Sources */ = {isa = PBXBuildFile; fileRef = 3AF67ABC25A64DF600D360A7 /* VideoPlayerStoryboardUITests.m */; };
/* End PBXBuildFile section */

/* Begin PBXContainerItemProxy section */
		3AF67AAE25A64DF600D360A7 /* PBXContainerItemProxy */ = {
			isa = PBXContainerItemProxy;
			containerPortal = 3AF67A8A25A64DF400D360A7 /* Project object */;
			proxyType = 1;
			remoteGlobalIDString = 3AF67A9125A64DF400D360A7;
			remoteInfo = VideoPlayerStoryboard;
		};
		3AF67AB925A64DF600D360A7 /* PBXContainerItemProxy */ = {
			isa = PBXContainerItemProxy;
			containerPortal = 3AF67A8A25A64DF400D360A7 /* Project object */;
			proxyType = 1;
			remoteGlobalIDString = 3AF67A9125A64DF400D360A7;
			remoteInfo = VideoPlayerStoryboard;
		};
/* End PBXContainerItemProxy section */

/* Begin PBXFileReference section */
		3AF67A9225A64DF400D360A7 /* VideoPlayerStoryboard.app */ = {isa = PBXFileReference; explicitFileType = wrapper.application; includeInIndex = 0; path = VideoPlayerStoryboard.app; sourceTree = BUILT_PRODUCTS_DIR; };
		3AF67A9525A64DF400D360A7 /* AppDelegate.h */ = {isa = PBXFileReference; lastKnownFileType = sourcecode.c.h; path = AppDelegate.h; sourceTree = "<group>"; };
		3AF67A9625A64DF400D360A7 /* AppDelegate.m */ = {isa = PBXFileReference; lastKnownFileType = sourcecode.c.objc; path = AppDelegate.m; sourceTree = "<group>"; };
		3AF67A9825A64DF400D360A7 /* SceneDelegate.h */ = {isa = PBXFileReference; lastKnownFileType = sourcecode.c.h; path = SceneDelegate.h; sourceTree = "<group>"; };
		3AF67A9925A64DF400D360A7 /* SceneDelegate.m */ = {isa = PBXFileReference; lastKnownFileType = sourcecode.c.objc; path = SceneDelegate.m; sourceTree = "<group>"; };
		3AF67A9B25A64DF400D360A7 /* ViewController.h */ = {isa = PBXFileReference; lastKnownFileType = sourcecode.c.h; path = ViewController.h; sourceTree = "<group>"; };
		3AF67A9C25A64DF400D360A7 /* ViewController.m */ = {isa = PBXFileReference; lastKnownFileType = sourcecode.c.objc; path = ViewController.m; sourceTree = "<group>"; };
		3AF67A9F25A64DF400D360A7 /* Base */ = {isa = PBXFileReference; lastKnownFileType = file.storyboard; name = Base; path = Base.lproj/Main.storyboard; sourceTree = "<group>"; };
		3AF67AA125A64DF600D360A7 /* Assets.xcassets */ = {isa = PBXFileReference; lastKnownFileType = folder.assetcatalog; path = Assets.xcassets; sourceTree = "<group>"; };
		3AF67AA425A64DF600D360A7 /* Base */ = {isa = PBXFileReference; lastKnownFileType = file.storyboard; name = Base; path = Base.lproj/LaunchScreen.storyboard; sourceTree = "<group>"; };
		3AF67AA625A64DF600D360A7 /* Info.plist */ = {isa = PBXFileReference; lastKnownFileType = text.plist.xml; path = Info.plist; sourceTree = "<group>"; };
		3AF67AA725A64DF600D360A7 /* main.m */ = {isa = PBXFileReference; lastKnownFileType = sourcecode.c.objc; path = main.m; sourceTree = "<group>"; };
		3AF67AAD25A64DF600D360A7 /* VideoPlayerStoryboardTests.xctest */ = {isa = PBXFileReference; explicitFileType = wrapper.cfbundle; includeInIndex = 0; path = VideoPlayerStoryboardTests.xctest; sourceTree = BUILT_PRODUCTS_DIR; };
		3AF67AB125A64DF600D360A7 /* VideoPlayerStoryboardTests.m */ = {isa = PBXFileReference; lastKnownFileType = sourcecode.c.objc; path = VideoPlayerStoryboardTests.m; sourceTree = "<group>"; };
		3AF67AB325A64DF600D360A7 /* Info.plist */ = {isa = PBXFileReference; lastKnownFileType = text.plist.xml; path = Info.plist; sourceTree = "<group>"; };
		3AF67AB825A64DF600D360A7 /* VideoPlayerStoryboardUITests.xctest */ = {isa = PBXFileReference; explicitFileType = wrapper.cfbundle; includeInIndex = 0; path = VideoPlayerStoryboardUITests.xctest; sourceTree = BUILT_PRODUCTS_DIR; };
		3AF67ABC25A64DF600D360A7 /* VideoPlayerStoryboardUITests.m */ = {isa = PBXFileReference; lastKnownFileType = sourcecode.c.objc; path = VideoPlayerStoryboardUITests.m; sourceTree = "<group>"; };
		3AF67ABE25A64DF600D360A7 /* Info.plist */ = {isa = PBXFileReference; lastKnownFileType = text.plist.xml; path = Info.plist; sourceTree = "<group>"; };
/* End PBXFileReference section */

/* Begin PBXFrameworksBuildPhase section */
		3AF67A8F25A64DF400D360A7 /* Frameworks */ = {
			isa = PBXFrameworksBuildPhase;
			buildActionMask = 2147483647;
			files = (
			);
			runOnlyForDeploymentPostprocessing = 0;
		};
		3AF67AAA25A64DF600D360A7 /* Frameworks */ = {
			isa = PBXFrameworksBuildPhase;
			buildActionMask = 2147483647;
			files = (
			);
			runOnlyForDeploymentPostprocessing = 0;
		};
		3AF67AB525A64DF600D360A7 /* Frameworks */ = {
			isa = PBXFrameworksBuildPhase;
			buildActionMask = 2147483647;
			files = (
			);
			runOnlyForDeploymentPostprocessing = 0;
		};
/* End PBXFrameworksBuildPhase section */

/* Begin PBXGroup section */
		3AF67A8925A64DF400D360A7 = {
			isa = PBXGroup;
			children = (
				3AF67A9425A64DF400D360A7 /* VideoPlayerStoryboard */,
				3AF67AB025A64DF600D360A7 /* VideoPlayerStoryboardTests */,
				3AF67ABB25A64DF600D360A7 /* VideoPlayerStoryboardUITests */,
				3AF67A9325A64DF400D360A7 /* Products */,
			);
			sourceTree = "<group>";
		};
		3AF67A9325A64DF400D360A7 /* Products */ = {
			isa = PBXGroup;
			children = (
				3AF67A9225A64DF400D360A7 /* VideoPlayerStoryboard.app */,
				3AF67AAD25A64DF600D360A7 /* VideoPlayerStoryboardTests.xctest */,
				3AF67AB825A64DF600D360A7 /* VideoPlayerStoryboardUITests.xctest */,
			);
			name = Products;
			sourceTree = "<group>";
		};
		3AF67A9425A64DF400D360A7 /* VideoPlayerStoryboard */ = {
			isa = PBXGroup;
			children = (
				3AF67A9525A64DF400D360A7 /* AppDelegate.h */,
				3AF67A9625A64DF400D360A7 /* AppDelegate.m */,
				3AF67A9825A64DF400D360A7 /* SceneDelegate.h */,
				3AF67A9925A64DF400D360A7 /* SceneDelegate.m */,
				3AF67A9B25A64DF400D360A7 /* ViewController.h */,
				3AF67A9C25A64DF400D360A7 /* ViewController.m */,
				3AF67A9E25A64DF400D360A7 /* Main.storyboard */,
				3AF67AA125A64DF600D360A7 /* Assets.xcassets */,
				3AF67AA325A64DF600D360A7 /* LaunchScreen.storyboard */,
				3AF67AA625A64DF600D360A7 /* Info.plist */,
				3AF67AA725A64DF600D360A7 /* main.m */,
			);
			path = VideoPlayerStoryboard;
			sourceTree = "<group>";
		};
		3AF67AB025A64DF600D360A7 /* VideoPlayerStoryboardTests */ = {
			isa = PBXGroup;
			children = (
				3AF67AB125A64DF600D360A7 /* VideoPlayerStoryboardTests.m */,
				3AF67AB325A64DF600D360A7 /* Info.plist */,
			);
			path = VideoPlayerStoryboardTests;
			sourceTree = "<group>";
		};
		3AF67ABB25A64DF600D360A7 /* VideoPlayerStoryboardUITests */ = {
			isa = PBXGroup;
			children = (
				3AF67ABC25A64DF600D360A7 /* VideoPlayerStoryboardUITests.m */,
				3AF67ABE25A64DF600D360A7 /* Info.plist */,
			);
			path = VideoPlayerStoryboardUITests;
			sourceTree = "<group>";
		};
/* End PBXGroup section */

/* Begin PBXNativeTarget section */
		3AF67A9125A64DF400D360A7 /* VideoPlayerStoryboard */ = {
			isa = PBXNativeTarget;
			buildConfigurationList = 3AF67AC125A64DF600D360A7 /* Build configuration list for PBXNativeTarget "VideoPlayerStoryboard" */;
			buildPhases = (
				3AF67A8E25A64DF400D360A7 /* Sources */,
				3AF67A8F25A64DF400D360A7 /* Frameworks */,
				3AF67A9025A64DF400D360A7 /* Resources */,
			);
			buildRules = (
			);
			dependencies = (
			);
			name = VideoPlayerStoryboard;
			productName = VideoPlayerStoryboard;
			productReference = 3AF67A9225A64DF400D360A7 /* VideoPlayerStoryboard.app */;
			productType = "com.apple.product-type.application";
		};
		3AF67AAC25A64DF600D360A7 /* VideoPlayerStoryboardTests */ = {
			isa = PBXNativeTarget;
			buildConfigurationList = 3AF67AC425A64DF600D360A7 /* Build configuration list for PBXNativeTarget "VideoPlayerStoryboardTests" */;
			buildPhases = (
				3AF67AA925A64DF600D360A7 /* Sources */,
				3AF67AAA25A64DF600D360A7 /* Frameworks */,
				3AF67AAB25A64DF600D360A7 /* Resources */,
			);
			buildRules = (
			);
			dependencies = (
				3AF67AAF25A64DF600D360A7 /* PBXTargetDependency */,
			);
			name = VideoPlayerStoryboardTests;
			productName = VideoPlayerStoryboardTests;
			productReference = 3AF67AAD25A64DF600D360A7 /* VideoPlayerStoryboardTests.xctest */;
			productType = "com.apple.product-type.bundle.unit-test";
		};
		3AF67AB725A64DF600D360A7 /* VideoPlayerStoryboardUITests */ = {
			isa = PBXNativeTarget;
			buildConfigurationList = 3AF67AC725A64DF600D360A7 /* Build configuration list for PBXNativeTarget "VideoPlayerStoryboardUITests" */;
			buildPhases = (
				3AF67AB425A64DF600D360A7 /* Sources */,
				3AF67AB525A64DF600D360A7 /* Frameworks */,
				3AF67AB625A64DF600D360A7 /* Resources */,
			);
			buildRules = (
			);
			dependencies = (
				3AF67ABA25A64DF600D360A7 /* PBXTargetDependency */,
			);
			name = VideoPlayerStoryboardUITests;
			productName = VideoPlayerStoryboardUITests;
			productReference = 3AF67AB825A64DF600D360A7 /* VideoPlayerStoryboardUITests.xctest */;
			productType = "com.apple.product-type.bundle.ui-testing";
		};
/* End PBXNativeTarget section */

/* Begin PBXProject section */
		3AF67A8A25A64DF400D360A7 /* Project object */ = {
			isa = PBXProject;
			attributes = {
				LastUpgradeCheck = 1210;
				TargetAttributes = {
					3AF67A9125A64DF400D360A7 = {
						CreatedOnToolsVersion = 12.1;
					};
					3AF67AAC25A64DF600D360A7 = {
						CreatedOnToolsVersion = 12.1;
						TestTargetID = 3AF67A9125A64DF400D360A7;
					};
					3AF67AB725A64DF600D360A7 = {
						CreatedOnToolsVersion = 12.1;
						TestTargetID = 3AF67A9125A64DF400D360A7;
					};
				};
			};
			buildConfigurationList = 3AF67A8D25A64DF400D360A7 /* Build configuration list for PBXProject "VideoPlayerStoryboard" */;
			compatibilityVersion = "Xcode 9.3";
			developmentRegion = en;
			hasScannedForEncodings = 0;
			knownRegions = (
				en,
				Base,
			);
			mainGroup = 3AF67A8925A64DF400D360A7;
			productRefGroup = 3AF67A9325A64DF400D360A7 /* Products */;
			projectDirPath = "";
			projectRoot = "";
			targets = (
				3AF67A9125A64DF400D360A7 /* VideoPlayerStoryboard */,
				3AF67AAC25A64DF600D360A7 /* VideoPlayerStoryboardTests */,
				3AF67AB725A64DF600D360A7 /* VideoPlayerStoryboardUITests */,
			);
		};
/* End PBXProject section */

/* Begin PBXResourcesBuildPhase section */
		3AF67A9025A64DF400D360A7 /* Resources */ = {
			isa = PBXResourcesBuildPhase;
			buildActionMask = 2147483647;
			files = (
				3AF67AA525A64DF600D360A7 /* LaunchScreen.storyboard in Resources */,
				3AF67AA225A64DF600D360A7 /* Assets.xcassets in Resources */,
				3AF67AA025A64DF400D360A7 /* Main.storyboard in Resources */,
			);
			runOnlyForDeploymentPostprocessing = 0;
		};
		3AF67AAB25A64DF600D360A7 /* Resources */ = {
			isa = PBXResourcesBuildPhase;
			buildActionMask = 2147483647;
			files = (
			);
			runOnlyForDeploymentPostprocessing = 0;
		};
		3AF67AB625A64DF600D360A7 /* Resources */ = {
			isa = PBXResourcesBuildPhase;
			buildActionMask = 2147483647;
			files = (
			);
			runOnlyForDeploymentPostprocessing = 0;
		};
/* End PBXResourcesBuildPhase section */

/* Begin PBXSourcesBuildPhase section */
		3AF67A8E25A64DF400D360A7 /* Sources */ = {
			isa = PBXSourcesBuildPhase;
			buildActionMask = 2147483647;
			files = (
				3AF67A9D25A64DF400D360A7 /* ViewController.m in Sources */,
				3AF67A9725A64DF400D360A7 /* AppDelegate.m in Sources */,
				3AF67AA825A64DF600D360A7 /* main.m in Sources */,
				3AF67A9A25A64DF400D360A7 /* SceneDelegate.m in Sources */,
			);
			runOnlyForDeploymentPostprocessing = 0;
		};
		3AF67AA925A64DF600D360A7 /* Sources */ = {
			isa = PBXSourcesBuildPhase;
			buildActionMask = 2147483647;
			files = (
				3AF67AB225A64DF600D360A7 /* VideoPlayerStoryboardTests.m in Sources */,
			);
			runOnlyForDeploymentPostprocessing = 0;
		};
		3AF67AB425A64DF600D360A7 /* Sources */ = {
			isa = PBXSourcesBuildPhase;
			buildActionMask = 2147483647;
			files = (
				3AF67ABD25A64DF600D360A7 /* VideoPlayerStoryboardUITests.m in Sources */,
			);
			runOnlyForDeploymentPostprocessing = 0;
		};
/* End PBXSourcesBuildPhase section */

/* Begin PBXTargetDependency section */
		3AF67AAF25A64DF600D360A7 /* PBXTargetDependency */ = {
			isa = PBXTargetDependency;
			target = 3AF67A9125A64DF400D360A7 /* VideoPlayerStoryboard */;
			targetProxy = 3AF67AAE25A64DF600D360A7 /* PBXContainerItemProxy */;
		};
		3AF67ABA25A64DF600D360A7 /* PBXTargetDependency */ = {
			isa = PBXTargetDependency;
			target = 3AF67A9125A64DF400D360A7 /* VideoPlayerStoryboard */;
			targetProxy = 3AF67AB925A64DF600D360A7 /* PBXContainerItemProxy */;
		};
/* End PBXTargetDependency section */

/* Begin PBXVariantGroup section */
		3AF67A9E25A64DF400D360A7 /* Main.storyboard */ = {
			isa = PBXVariantGroup;
			children = (
				3AF67A9F25A64DF400D360A7 /* Base */,
			);
			name = Main.storyboard;
			sourceTree = "<group>";
		};
		3AF67AA325A64DF600D360A7 /* LaunchScreen.storyboard */ = {
			isa = PBXVariantGroup;
			children = (
				3AF67AA425A64DF600D360A7 /* Base */,
			);
			name = LaunchScreen.storyboard;
			sourceTree = "<group>";
		};
/* End PBXVariantGroup section */

/* Begin XCBuildConfiguration section */
		3AF67ABF25A64DF600D360A7 /* Debug */ = {
			isa = XCBuildConfiguration;
			buildSettings = {
				ALWAYS_SEARCH_USER_PATHS = NO;
				CLANG_ANALYZER_NONNULL = YES;
				CLANG_ANALYZER_NUMBER_OBJECT_CONVERSION = YES_AGGRESSIVE;
				CLANG_CXX_LANGUAGE_STANDARD = "gnu++14";
				CLANG_CXX_LIBRARY = "libc++";
				CLANG_ENABLE_MODULES = YES;
				CLANG_ENABLE_OBJC_ARC = YES;
				CLANG_ENABLE_OBJC_WEAK = YES;
				CLANG_WARN_BLOCK_CAPTURE_AUTORELEASING = YES;
				CLANG_WARN_BOOL_CONVERSION = YES;
				CLANG_WARN_COMMA = YES;
				CLANG_WARN_CONSTANT_CONVERSION = YES;
				CLANG_WARN_DEPRECATED_OBJC_IMPLEMENTATIONS = YES;
				CLANG_WARN_DIRECT_OBJC_ISA_USAGE = YES_ERROR;
				CLANG_WARN_DOCUMENTATION_COMMENTS = YES;
				CLANG_WARN_EMPTY_BODY = YES;
				CLANG_WARN_ENUM_CONVERSION = YES;
				CLANG_WARN_INFINITE_RECURSION = YES;
				CLANG_WARN_INT_CONVERSION = YES;
				CLANG_WARN_NON_LITERAL_NULL_CONVERSION = YES;
				CLANG_WARN_OBJC_IMPLICIT_RETAIN_SELF = YES;
				CLANG_WARN_OBJC_LITERAL_CONVERSION = YES;
				CLANG_WARN_OBJC_ROOT_CLASS = YES_ERROR;
				CLANG_WARN_QUOTED_INCLUDE_IN_FRAMEWORK_HEADER = YES;
				CLANG_WARN_RANGE_LOOP_ANALYSIS = YES;
				CLANG_WARN_STRICT_PROTOTYPES = YES;
				CLANG_WARN_SUSPICIOUS_MOVE = YES;
				CLANG_WARN_UNGUARDED_AVAILABILITY = YES_AGGRESSIVE;
				CLANG_WARN_UNREACHABLE_CODE = YES;
				CLANG_WARN__DUPLICATE_METHOD_MATCH = YES;
				COPY_PHASE_STRIP = NO;
				DEBUG_INFORMATION_FORMAT = dwarf;
				ENABLE_STRICT_OBJC_MSGSEND = YES;
				ENABLE_TESTABILITY = YES;
				GCC_C_LANGUAGE_STANDARD = gnu11;
				GCC_DYNAMIC_NO_PIC = NO;
				GCC_NO_COMMON_BLOCKS = YES;
				GCC_OPTIMIZATION_LEVEL = 0;
				GCC_PREPROCESSOR_DEFINITIONS = (
					"DEBUG=1",
					"$(inherited)",
				);
				GCC_WARN_64_TO_32_BIT_CONVERSION = YES;
				GCC_WARN_ABOUT_RETURN_TYPE = YES_ERROR;
				GCC_WARN_UNDECLARED_SELECTOR = YES;
				GCC_WARN_UNINITIALIZED_AUTOS = YES_AGGRESSIVE;
				GCC_WARN_UNUSED_FUNCTION = YES;
				GCC_WARN_UNUSED_VARIABLE = YES;
				IPHONEOS_DEPLOYMENT_TARGET = 14.1;
				MTL_ENABLE_DEBUG_INFO = INCLUDE_SOURCE;
				MTL_FAST_MATH = YES;
				ONLY_ACTIVE_ARCH = YES;
				SDKROOT = iphoneos;
			};
			name = Debug;
		};
		3AF67AC025A64DF600D360A7 /* Release */ = {
			isa = XCBuildConfiguration;
			buildSettings = {
				ALWAYS_SEARCH_USER_PATHS = NO;
				CLANG_ANALYZER_NONNULL = YES;
				CLANG_ANALYZER_NUMBER_OBJECT_CONVERSION = YES_AGGRESSIVE;
				CLANG_CXX_LANGUAGE_STANDARD = "gnu++14";
				CLANG_CXX_LIBRARY = "libc++";
				CLANG_ENABLE_MODULES = YES;
				CLANG_ENABLE_OBJC_ARC = YES;
				CLANG_ENABLE_OBJC_WEAK = YES;
				CLANG_WARN_BLOCK_CAPTURE_AUTORELEASING = YES;
				CLANG_WARN_BOOL_CONVERSION = YES;
				CLANG_WARN_COMMA = YES;
				CLANG_WARN_CONSTANT_CONVERSION = YES;
				CLANG_WARN_DEPRECATED_OBJC_IMPLEMENTATIONS = YES;
				CLANG_WARN_DIRECT_OBJC_ISA_USAGE = YES_ERROR;
				CLANG_WARN_DOCUMENTATION_COMMENTS = YES;
				CLANG_WARN_EMPTY_BODY = YES;
				CLANG_WARN_ENUM_CONVERSION = YES;
				CLANG_WARN_INFINITE_RECURSION = YES;
				CLANG_WARN_INT_CONVERSION = YES;
				CLANG_WARN_NON_LITERAL_NULL_CONVERSION = YES;
				CLANG_WARN_OBJC_IMPLICIT_RETAIN_SELF = YES;
				CLANG_WARN_OBJC_LITERAL_CONVERSION = YES;
				CLANG_WARN_OBJC_ROOT_CLASS = YES_ERROR;
				CLANG_WARN_QUOTED_INCLUDE_IN_FRAMEWORK_HEADER = YES;
				CLANG_WARN_RANGE_LOOP_ANALYSIS = YES;
				CLANG_WARN_STRICT_PROTOTYPES = YES;
				CLANG_WARN_SUSPICIOUS_MOVE = YES;
				CLANG_WARN_UNGUARDED_AVAILABILITY = YES_AGGRESSIVE;
				CLANG_WARN_UNREACHABLE_CODE = YES;
				CLANG_WARN__DUPLICATE_METHOD_MATCH = YES;
				COPY_PHASE_STRIP = NO;
				DEBUG_INFORMATION_FORMAT = "dwarf-with-dsym";
				ENABLE_NS_ASSERTIONS = NO;
				ENABLE_STRICT_OBJC_MSGSEND = YES;
				GCC_C_LANGUAGE_STANDARD = gnu11;
				GCC_NO_COMMON_BLOCKS = YES;
				GCC_WARN_64_TO_32_BIT_CONVERSION = YES;
				GCC_WARN_ABOUT_RETURN_TYPE = YES_ERROR;
				GCC_WARN_UNDECLARED_SELECTOR = YES;
				GCC_WARN_UNINITIALIZED_AUTOS = YES_AGGRESSIVE;
				GCC_WARN_UNUSED_FUNCTION = YES;
				GCC_WARN_UNUSED_VARIABLE = YES;
				IPHONEOS_DEPLOYMENT_TARGET = 14.1;
				MTL_ENABLE_DEBUG_INFO = NO;
				MTL_FAST_MATH = YES;
				SDKROOT = iphoneos;
				VALIDATE_PRODUCT = YES;
			};
			name = Release;
		};
		3AF67AC225A64DF600D360A7 /* Debug */ = {
			isa = XCBuildConfiguration;
			buildSettings = {
				ASSETCATALOG_COMPILER_APPICON_NAME = AppIcon;
				ASSETCATALOG_COMPILER_GLOBAL_ACCENT_COLOR_NAME = AccentColor;
				CODE_SIGN_STYLE = Automatic;
				INFOPLIST_FILE = VideoPlayerStoryboard/Info.plist;
				LD_RUNPATH_SEARCH_PATHS = (
					"$(inherited)",
					"@executable_path/Frameworks",
				);
				PRODUCT_BUNDLE_IDENTIFIER = com.silverorange.VideoPlayerStoryboard;
				PRODUCT_NAME = "$(TARGET_NAME)";
				TARGETED_DEVICE_FAMILY = "1,2";
			};
			name = Debug;
		};
		3AF67AC325A64DF600D360A7 /* Release */ = {
			isa = XCBuildConfiguration;
			buildSettings = {
				ASSETCATALOG_COMPILER_APPICON_NAME = AppIcon;
				ASSETCATALOG_COMPILER_GLOBAL_ACCENT_COLOR_NAME = AccentColor;
				CODE_SIGN_STYLE = Automatic;
				INFOPLIST_FILE = VideoPlayerStoryboard/Info.plist;
				LD_RUNPATH_SEARCH_PATHS = (
					"$(inherited)",
					"@executable_path/Frameworks",
				);
				PRODUCT_BUNDLE_IDENTIFIER = com.silverorange.VideoPlayerStoryboard;
				PRODUCT_NAME = "$(TARGET_NAME)";
				TARGETED_DEVICE_FAMILY = "1,2";
			};
			name = Release;
		};
		3AF67AC525A64DF600D360A7 /* Debug */ = {
			isa = XCBuildConfiguration;
			buildSettings = {
				BUNDLE_LOADER = "$(TEST_HOST)";
				CODE_SIGN_STYLE = Automatic;
				INFOPLIST_FILE = VideoPlayerStoryboardTests/Info.plist;
				IPHONEOS_DEPLOYMENT_TARGET = 14.1;
				LD_RUNPATH_SEARCH_PATHS = (
					"$(inherited)",
					"@executable_path/Frameworks",
					"@loader_path/Frameworks",
				);
				PRODUCT_BUNDLE_IDENTIFIER = com.silverorange.VideoPlayerStoryboardTests;
				PRODUCT_NAME = "$(TARGET_NAME)";
				TARGETED_DEVICE_FAMILY = "1,2";
				TEST_HOST = "$(BUILT_PRODUCTS_DIR)/VideoPlayerStoryboard.app/VideoPlayerStoryboard";
			};
			name = Debug;
		};
		3AF67AC625A64DF600D360A7 /* Release */ = {
			isa = XCBuildConfiguration;
			buildSettings = {
				BUNDLE_LOADER = "$(TEST_HOST)";
				CODE_SIGN_STYLE = Automatic;
				INFOPLIST_FILE = VideoPlayerStoryboardTests/Info.plist;
				IPHONEOS_DEPLOYMENT_TARGET = 14.1;
				LD_RUNPATH_SEARCH_PATHS = (
					"$(inherited)",
					"@executable_path/Frameworks",
					"@loader_path/Frameworks",
				);
				PRODUCT_BUNDLE_IDENTIFIER = com.silverorange.VideoPlayerStoryboardTests;
				PRODUCT_NAME = "$(TARGET_NAME)";
				TARGETED_DEVICE_FAMILY = "1,2";
				TEST_HOST = "$(BUILT_PRODUCTS_DIR)/VideoPlayerStoryboard.app/VideoPlayerStoryboard";
			};
			name = Release;
		};
		3AF67AC825A64DF600D360A7 /* Debug */ = {
			isa = XCBuildConfiguration;
			buildSettings = {
				CODE_SIGN_STYLE = Automatic;
				INFOPLIST_FILE = VideoPlayerStoryboardUITests/Info.plist;
				LD_RUNPATH_SEARCH_PATHS = (
					"$(inherited)",
					"@executable_path/Frameworks",
					"@loader_path/Frameworks",
				);
				PRODUCT_BUNDLE_IDENTIFIER = com.silverorange.VideoPlayerStoryboardUITests;
				PRODUCT_NAME = "$(TARGET_NAME)";
				TARGETED_DEVICE_FAMILY = "1,2";
				TEST_TARGET_NAME = VideoPlayerStoryboard;
			};
			name = Debug;
		};
		3AF67AC925A64DF600D360A7 /* Release */ = {
			isa = XCBuildConfiguration;
			buildSettings = {
				CODE_SIGN_STYLE = Automatic;
				INFOPLIST_FILE = VideoPlayerStoryboardUITests/Info.plist;
				LD_RUNPATH_SEARCH_PATHS = (
					"$(inherited)",
					"@executable_path/Frameworks",
					"@loader_path/Frameworks",
				);
				PRODUCT_BUNDLE_IDENTIFIER = com.silverorange.VideoPlayerStoryboardUITests;
				PRODUCT_NAME = "$(TARGET_NAME)";
				TARGETED_DEVICE_FAMILY = "1,2";
				TEST_TARGET_NAME = VideoPlayerStoryboard;
			};
			name = Release;
		};
/* End XCBuildConfiguration section */

/* Begin XCConfigurationList section */
		3AF67A8D25A64DF400D360A7 /* Build configuration list for PBXProject "VideoPlayerStoryboard" */ = {
			isa = XCConfigurationList;
			buildConfigurations = (
				3AF67ABF25A64DF600D360A7 /* Debug */,
				3AF67AC025A64DF600D360A7 /* Release */,
			);
			defaultConfigurationIsVisible = 0;
			defaultConfigurationName = Release;
		};
		3AF67AC125A64DF600D360A7 /* Build configuration list for PBXNativeTarget "VideoPlayerStoryboard" */ = {
			isa = XCConfigurationList;
			buildConfigurations = (
				3AF67AC225A64DF600D360A7 /* Debug */,
				3AF67AC325A64DF600D360A7 /* Release */,
			);
			defaultConfigurationIsVisible = 0;
			defaultConfigurationName = Release;
		};
		3AF67AC425A64DF600D360A7 /* Build configuration list for PBXNativeTarget "VideoPlayerStoryboardTests" */ = {
			isa = XCConfigurationList;
			buildConfigurations = (
				3AF67AC525A64DF600D360A7 /* Debug */,
				3AF67AC625A64DF600D360A7 /* Release */,
			);
			defaultConfigurationIsVisible = 0;
			defaultConfigurationName = Release;
		};
		3AF67AC725A64DF600D360A7 /* Build configuration list for PBXNativeTarget "VideoPlayerStoryboardUITests" */ = {
			isa = XCConfigurationList;
			buildConfigurations = (
				3AF67AC825A64DF600D360A7 /* Debug */,
				3AF67AC925A64DF600D360A7 /* Release */,
			);
			defaultConfigurationIsVisible = 0;
			defaultConfigurationName = Release;
		};
/* End XCConfigurationList section */
	};
	rootObject = 3AF67A8A25A64DF400D360A7 /* Project object */;
}
